
Microsoft Visual Studio Solution File, Format Version 12.00
# Visual Studio Version 17
VisualStudioVersion = 17.0.31903.59
MinimumVisualStudioVersion = 10.0.40219.1
Project("{FAE04EC0-301F-11D3-BF4B-00C04F79EFBC}") = "Infrastructure", "server\Infrastructure\Infrastructure.csproj", "{2D1F734E-6FDD-6F78-E815-31C9397167EC}"
EndProject
Project("{FAE04EC0-301F-11D3-BF4B-00C04F79EFBC}") = "Presentation", "server\Presentation\Presentation.csproj", "{D9D014E4-D38F-568F-4A57-1348CA680BC9}"
EndProject
Project("{FAE04EC0-301F-11D3-BF4B-00C04F79EFBC}") = "Application", "server\Application\Application.csproj", "{3D4997DC-BEC7-3CA2-3743-0197A4CD8539}"
EndProject
Project("{FAE04EC0-301F-11D3-BF4B-00C04F79EFBC}") = "Core", "server\Domain\Core.csproj", "{ABBC1EB0-3142-AB92-3F4A-47A912EE3D7E}"
EndProject
Project("{2150E333-8FDC-42A3-9474-1A3956D46DE8}") = "Solution Items", "Solution Items", "{02EA681E-C7D8-13C7-8484-4AC65E1B71E8}"
	ProjectSection(SolutionItems) = preProject
		.editorconfig = .editorconfig
	EndProjectSection
EndProject
Project("{2150E333-8FDC-42A3-9474-1A3956D46DE8}") = "Tests", "Tests", "{0B91D5D9-59BF-4ABE-B93F-352BB6BFC53E}"
EndProject
Global
	GlobalSection(SolutionConfigurationPlatforms) = preSolution
		Debug|Any CPU = Debug|Any CPU
		Release|Any CPU = Release|Any CPU
	EndGlobalSection
	GlobalSection(ProjectConfigurationPlatforms) = postSolution
		{2D1F734E-6FDD-6F78-E815-31C9397167EC}.Debug|Any CPU.ActiveCfg = Debug|Any CPU
		{2D1F734E-6FDD-6F78-E815-31C9397167EC}.Debug|Any CPU.Build.0 = Debug|Any CPU
		{2D1F734E-6FDD-6F78-E815-31C9397167EC}.Release|Any CPU.ActiveCfg = Release|Any CPU
		{2D1F734E-6FDD-6F78-E815-31C9397167EC}.Release|Any CPU.Build.0 = Release|Any CPU
		{D9D014E4-D38F-568F-4A57-1348CA680BC9}.Debug|Any CPU.ActiveCfg = Debug|Any CPU
		{D9D014E4-D38F-568F-4A57-1348CA680BC9}.Debug|Any CPU.Build.0 = Debug|Any CPU
		{D9D014E4-D38F-568F-4A57-1348CA680BC9}.Release|Any CPU.ActiveCfg = Release|Any CPU
		{D9D014E4-D38F-568F-4A57-1348CA680BC9}.Release|Any CPU.Build.0 = Release|Any CPU
		{3D4997DC-BEC7-3CA2-3743-0197A4CD8539}.Debug|Any CPU.ActiveCfg = Debug|Any CPU
		{3D4997DC-BEC7-3CA2-3743-0197A4CD8539}.Debug|Any CPU.Build.0 = Debug|Any CPU
		{3D4997DC-BEC7-3CA2-3743-0197A4CD8539}.Release|Any CPU.ActiveCfg = Release|Any CPU
		{3D4997DC-BEC7-3CA2-3743-0197A4CD8539}.Release|Any CPU.Build.0 = Release|Any CPU
		{ABBC1EB0-3142-AB92-3F4A-47A912EE3D7E}.Debug|Any CPU.ActiveCfg = Debug|Any CPU
		{ABBC1EB0-3142-AB92-3F4A-47A912EE3D7E}.Debug|Any CPU.Build.0 = Debug|Any CPU
		{ABBC1EB0-3142-AB92-3F4A-47A912EE3D7E}.Release|Any CPU.ActiveCfg = Release|Any CPU
		{ABBC1EB0-3142-AB92-3F4A-47A912EE3D7E}.Release|Any CPU.Build.0 = Release|Any CPU
	EndGlobalSection
	GlobalSection(SolutionProperties) = preSolution
		HideSolutionNode = FALSE
	EndGlobalSection
	GlobalSection(ExtensibilityGlobals) = postSolution
		SolutionGuid = {F7D43DE0-57A9-43E7-960B-7B14EA86B6C9}
	EndGlobalSection
EndGlobal
